
Microsoft Visual Studio Solution File, Format Version 12.00
# Visual Studio 15
VisualStudioVersion = 15.0.28010.2046
MinimumVisualStudioVersion = 10.0.40219.1
Project("{9A19103F-16F7-4668-BE54-9A1E7A4F7556}") = "BlazorDash", "BlazorDash\BlazorDash.csproj", "{5B8579A0-E7AF-4D43-A645-30BFB8EE1B2D}"
EndProject
Global
	GlobalSection(SolutionConfigurationPlatforms) = preSolution
		Debug|Any CPU = Debug|Any CPU
		Release|Any CPU = Release|Any CPU
	EndGlobalSection
	GlobalSection(ProjectConfigurationPlatforms) = postSolution
		{5B8579A0-E7AF-4D43-A645-30BFB8EE1B2D}.Debug|Any CPU.ActiveCfg = Debug|Any CPU
		{5B8579A0-E7AF-4D43-A645-30BFB8EE1B2D}.Debug|Any CPU.Build.0 = Debug|Any CPU
		{5B8579A0-E7AF-4D43-A645-30BFB8EE1B2D}.Release|Any CPU.ActiveCfg = Release|Any CPU
		{5B8579A0-E7AF-4D43-A645-30BFB8EE1B2D}.Release|Any CPU.Build.0 = Release|Any CPU
	EndGlobalSection
	GlobalSection(SolutionProperties) = preSolution
		HideSolutionNode = FALSE
	EndGlobalSection
	GlobalSection(ExtensibilityGlobals) = postSolution
		SolutionGuid = {1C57022E-48E6-483E-8D5F-6A9967A6CE74}
	EndGlobalSection
EndGlobal
